
Microsoft Visual Studio Solution File, Format Version 12.00
# Visual Studio Version 16
VisualStudioVersion = 16.0.30503.244
MinimumVisualStudioVersion = 10.0.40219.1
Project("{FAE04EC0-301F-11D3-BF4B-00C04F79EFBC}") = "XmlIntegrationTest", "XmlIntegrationTest\XmlIntegrationTest.csproj", "{444E6103-400D-4C2E-B320-0E9A3765A71A}"
EndProject
Project("{FAE04EC0-301F-11D3-BF4B-00C04F79EFBC}") = "IntegrationTests", "IntegrationTests\IntegrationTests.csproj", "{142F50E2-DB86-49C0-8D0E-79880AB845FB}"
EndProject
Global
	GlobalSection(SolutionConfigurationPlatforms) = preSolution
		Debug|Any CPU = Debug|Any CPU
		Release|Any CPU = Release|Any CPU
	EndGlobalSection
	GlobalSection(ProjectConfigurationPlatforms) = postSolution
		{444E6103-400D-4C2E-B320-0E9A3765A71A}.Debug|Any CPU.ActiveCfg = Debug|Any CPU
		{444E6103-400D-4C2E-B320-0E9A3765A71A}.Debug|Any CPU.Build.0 = Debug|Any CPU
		{444E6103-400D-4C2E-B320-0E9A3765A71A}.Release|Any CPU.ActiveCfg = Release|Any CPU
		{444E6103-400D-4C2E-B320-0E9A3765A71A}.Release|Any CPU.Build.0 = Release|Any CPU
		{142F50E2-DB86-49C0-8D0E-79880AB845FB}.Debug|Any CPU.ActiveCfg = Debug|Any CPU
		{142F50E2-DB86-49C0-8D0E-79880AB845FB}.Debug|Any CPU.Build.0 = Debug|Any CPU
		{142F50E2-DB86-49C0-8D0E-79880AB845FB}.Release|Any CPU.ActiveCfg = Release|Any CPU
		{142F50E2-DB86-49C0-8D0E-79880AB845FB}.Release|Any CPU.Build.0 = Release|Any CPU
	EndGlobalSection
	GlobalSection(SolutionProperties) = preSolution
		HideSolutionNode = FALSE
	EndGlobalSection
	GlobalSection(ExtensibilityGlobals) = postSolution
		SolutionGuid = {CAD5E284-A055-4261-B067-7F39B211AB41}
	EndGlobalSection
EndGlobal
